
Microsoft Visual Studio Solution File, Format Version 12.00
# Visual Studio 15
VisualStudioVersion = 15.0.27428.2027
MinimumVisualStudioVersion = 10.0.40219.1
Project("{FAE04EC0-301F-11D3-BF4B-00C04F79EFBC}") = "Marketplace", "Marketplace\Marketplace.csproj", "{31C92CF6-36FD-4B41-B3D6-62A79369E85F}"
EndProject
Project("{FAE04EC0-301F-11D3-BF4B-00C04F79EFBC}") = "Logic", "Logic\Logic.csproj", "{5FEC95AA-F864-4469-BE1E-93502F38E92C}"
EndProject
Project("{FAE04EC0-301F-11D3-BF4B-00C04F79EFBC}") = "DAL", "DAL\DAL.csproj", "{2FE3FEAD-60FD-409C-969A-59CFBEEA9075}"
EndProject
Global
	GlobalSection(SolutionConfigurationPlatforms) = preSolution
		Debug|Any CPU = Debug|Any CPU
		Debug|ARM = Debug|ARM
		Debug|x64 = Debug|x64
		Debug|x86 = Debug|x86
		Release|Any CPU = Release|Any CPU
		Release|ARM = Release|ARM
		Release|x64 = Release|x64
		Release|x86 = Release|x86
	EndGlobalSection
	GlobalSection(ProjectConfigurationPlatforms) = postSolution
		{31C92CF6-36FD-4B41-B3D6-62A79369E85F}.Debug|Any CPU.ActiveCfg = Debug|Any CPU
		{31C92CF6-36FD-4B41-B3D6-62A79369E85F}.Debug|Any CPU.Build.0 = Debug|Any CPU
		{31C92CF6-36FD-4B41-B3D6-62A79369E85F}.Debug|ARM.ActiveCfg = Debug|Any CPU
		{31C92CF6-36FD-4B41-B3D6-62A79369E85F}.Debug|ARM.Build.0 = Debug|Any CPU
		{31C92CF6-36FD-4B41-B3D6-62A79369E85F}.Debug|x64.ActiveCfg = Debug|Any CPU
		{31C92CF6-36FD-4B41-B3D6-62A79369E85F}.Debug|x64.Build.0 = Debug|Any CPU
		{31C92CF6-36FD-4B41-B3D6-62A79369E85F}.Debug|x86.ActiveCfg = Debug|Any CPU
		{31C92CF6-36FD-4B41-B3D6-62A79369E85F}.Debug|x86.Build.0 = Debug|Any CPU
		{31C92CF6-36FD-4B41-B3D6-62A79369E85F}.Release|Any CPU.ActiveCfg = Release|Any CPU
		{31C92CF6-36FD-4B41-B3D6-62A79369E85F}.Release|Any CPU.Build.0 = Release|Any CPU
		{31C92CF6-36FD-4B41-B3D6-62A79369E85F}.Release|ARM.ActiveCfg = Release|Any CPU
		{31C92CF6-36FD-4B41-B3D6-62A79369E85F}.Release|ARM.Build.0 = Release|Any CPU
		{31C92CF6-36FD-4B41-B3D6-62A79369E85F}.Release|x64.ActiveCfg = Release|Any CPU
		{31C92CF6-36FD-4B41-B3D6-62A79369E85F}.Release|x64.Build.0 = Release|Any CPU
		{31C92CF6-36FD-4B41-B3D6-62A79369E85F}.Release|x86.ActiveCfg = Release|Any CPU
		{31C92CF6-36FD-4B41-B3D6-62A79369E85F}.Release|x86.Build.0 = Release|Any CPU
		{5FEC95AA-F864-4469-BE1E-93502F38E92C}.Debug|Any CPU.ActiveCfg = Debug|Any CPU
		{5FEC95AA-F864-4469-BE1E-93502F38E92C}.Debug|Any CPU.Build.0 = Debug|Any CPU
		{5FEC95AA-F864-4469-BE1E-93502F38E92C}.Debug|ARM.ActiveCfg = Debug|ARM
		{5FEC95AA-F864-4469-BE1E-93502F38E92C}.Debug|ARM.Build.0 = Debug|ARM
		{5FEC95AA-F864-4469-BE1E-93502F38E92C}.Debug|x64.ActiveCfg = Debug|x64
		{5FEC95AA-F864-4469-BE1E-93502F38E92C}.Debug|x64.Build.0 = Debug|x64
		{5FEC95AA-F864-4469-BE1E-93502F38E92C}.Debug|x86.ActiveCfg = Debug|x86
		{5FEC95AA-F864-4469-BE1E-93502F38E92C}.Debug|x86.Build.0 = Debug|x86
		{5FEC95AA-F864-4469-BE1E-93502F38E92C}.Release|Any CPU.ActiveCfg = Release|Any CPU
		{5FEC95AA-F864-4469-BE1E-93502F38E92C}.Release|Any CPU.Build.0 = Release|Any CPU
		{5FEC95AA-F864-4469-BE1E-93502F38E92C}.Release|ARM.ActiveCfg = Release|ARM
		{5FEC95AA-F864-4469-BE1E-93502F38E92C}.Release|ARM.Build.0 = Release|ARM
		{5FEC95AA-F864-4469-BE1E-93502F38E92C}.Release|x64.ActiveCfg = Release|x64
		{5FEC95AA-F864-4469-BE1E-93502F38E92C}.Release|x64.Build.0 = Release|x64
		{5FEC95AA-F864-4469-BE1E-93502F38E92C}.Release|x86.ActiveCfg = Release|x86
		{5FEC95AA-F864-4469-BE1E-93502F38E92C}.Release|x86.Build.0 = Release|x86
		{2FE3FEAD-60FD-409C-969A-59CFBEEA9075}.Debug|Any CPU.ActiveCfg = Debug|Any CPU
		{2FE3FEAD-60FD-409C-969A-59CFBEEA9075}.Debug|Any CPU.Build.0 = Debug|Any CPU
		{2FE3FEAD-60FD-409C-969A-59CFBEEA9075}.Debug|ARM.ActiveCfg = Debug|ARM
		{2FE3FEAD-60FD-409C-969A-59CFBEEA9075}.Debug|ARM.Build.0 = Debug|ARM
		{2FE3FEAD-60FD-409C-969A-59CFBEEA9075}.Debug|x64.ActiveCfg = Debug|x64
		{2FE3FEAD-60FD-409C-969A-59CFBEEA9075}.Debug|x64.Build.0 = Debug|x64
		{2FE3FEAD-60FD-409C-969A-59CFBEEA9075}.Debug|x86.ActiveCfg = Debug|x86
		{2FE3FEAD-60FD-409C-969A-59CFBEEA9075}.Debug|x86.Build.0 = Debug|x86
		{2FE3FEAD-60FD-409C-969A-59CFBEEA9075}.Release|Any CPU.ActiveCfg = Release|Any CPU
		{2FE3FEAD-60FD-409C-969A-59CFBEEA9075}.Release|Any CPU.Build.0 = Release|Any CPU
		{2FE3FEAD-60FD-409C-969A-59CFBEEA9075}.Release|ARM.ActiveCfg = Release|ARM
		{2FE3FEAD-60FD-409C-969A-59CFBEEA9075}.Release|ARM.Build.0 = Release|ARM
		{2FE3FEAD-60FD-409C-969A-59CFBEEA9075}.Release|x64.ActiveCfg = Release|x64
		{2FE3FEAD-60FD-409C-969A-59CFBEEA9075}.Release|x64.Build.0 = Release|x64
		{2FE3FEAD-60FD-409C-969A-59CFBEEA9075}.Release|x86.ActiveCfg = Release|x86
		{2FE3FEAD-60FD-409C-969A-59CFBEEA9075}.Release|x86.Build.0 = Release|x86
	EndGlobalSection
	GlobalSection(SolutionProperties) = preSolution
		HideSolutionNode = FALSE
	EndGlobalSection
	GlobalSection(ExtensibilityGlobals) = postSolution
		SolutionGuid = {51CFAC64-9902-4B4B-BE3F-7F842EA6BC57}
	EndGlobalSection
EndGlobal
